[root]
name = "nvim-cat"
version = "0.1.0"
dependencies = [
 "rmp 0.7.5 (registry+https://github.com/rust-lang/crates.io-index)",
 "rmp-serde 0.10.0 (registry+https://github.com/rust-lang/crates.io-index)",
 "serde 0.8.17 (registry+https://github.com/rust-lang/crates.io-index)",
]

[[package]]
name = "byteorder"
version = "0.4.2"
source = "registry+https://github.com/rust-lang/crates.io-index"

[[package]]
name = "rmp"
version = "0.7.5"
source = "registry+https://github.com/rust-lang/crates.io-index"
dependencies = [
 "byteorder 0.4.2 (registry+https://github.com/rust-lang/crates.io-index)",
]

[[package]]
name = "rmp-serde"
version = "0.10.0"
source = "registry+https://github.com/rust-lang/crates.io-index"
dependencies = [
 "rmp 0.7.5 (registry+https://github.com/rust-lang/crates.io-index)",
 "serde 0.8.17 (registry+https://github.com/rust-lang/crates.io-index)",
]

[[package]]
name = "serde"
version = "0.8.17"
source = "registry+https://github.com/rust-lang/crates.io-index"

[metadata]
"checksum byteorder 0.4.2 (registry+https://github.com/rust-lang/crates.io-index)" = "96c8b41881888cc08af32d47ac4edd52bc7fa27fef774be47a92443756451304"
"checksum rmp 0.7.5 (registry+https://github.com/rust-lang/crates.io-index)" = "a2da68cc45d803dfd68724d767363d82c6f76293a2bf5fe6ded34f640ee01447"
"checksum rmp-serde 0.10.0 (registry+https://github.com/rust-lang/crates.io-index)" = "b371d26290d86dfa2716f1b0878a3832b94d3803fdc402a1697440d86ddbe602"
"checksum serde 0.8.17 (registry+https://github.com/rust-lang/crates.io-index)" = "784e249221c84265caeb1e2fe48aeada86f67f5acb151bd3903c4585969e43f6"
